{
  "nodes": {
    "nixpkgs": {
      "locked": {
        "lastModified": 1667092106,
        "narHash": "sha256-ZQwHNd/RemupaV52ePNNv4Kp+LHzPjssEAumLijum4E=",
        "owner": "nix-community",
        "repo": "nixpkgs.lib",
        "rev": "2c15a4c90737d33309daf869bae0daaa35eeb264",
        "type": "github"
      },
      "original": {
        "owner": "nix-community",
        "repo": "nixpkgs.lib",
        "type": "github"
      }
    },
    "root": {
      "inputs": {
        "nixpkgs": "nixpkgs"
      }
    }
  },
  "root": "root",
  "version": 7
}
