{
  "nodes": {
    "nixpkgs": {
      "locked": {
        "lastModified": 1654524510,
        "narHash": "sha256-/RizvVV9Ms7B2XVaNMjIyG6iCwkeVdW72M1l15nyJY8=",
        "owner": "nixos",
        "repo": "nixpkgs",
        "rev": "d85ed9ea2ad1a5b9cf202c3808a2efb50f487904",
        "type": "github"
      },
      "original": {
        "owner": "nixos",
        "repo": "nixpkgs",
        "type": "github"
      }
    },
    "root": {
      "inputs": {
        "nixpkgs": "nixpkgs"
      }
    }
  },
  "root": "root",
  "version": 7
}
