{
  "nodes": {
    "nixpkgs": {
      "locked": {
        "lastModified": 1631904605,
        "narHash": "sha256-+EButmvDYPSK1EOkiBndJHmAgfEXFrqQTkzA/amSGRE=",
        "owner": "nixos",
        "repo": "nixpkgs",
        "rev": "cb5ca6505b964bc76aaa866634e4b8ad12da7792",
        "type": "github"
      },
      "original": {
        "owner": "nixos",
        "repo": "nixpkgs",
        "type": "github"
      }
    },
    "root": {
      "inputs": {
        "nixpkgs": "nixpkgs"
      }
    }
  },
  "root": "root",
  "version": 7
}
