# This file is automatically @generated by Poetry 1.7.1 and should not be changed by hand.

[[package]]
name = "lizard"
version = "1.17.3"
description = "A code analyzer without caring the C/C++ header files. It works with Java, C/C++, JavaScript, Python, Ruby, Swift, Objective C. Metrics includes cyclomatic complexity number etc."
optional = false
python-versions = "*"
files = [
    {file = "lizard-1.17.3-py2.py3-none-any.whl", hash = "sha256:d7295be98d43d79cf4bb8daf0cdcdc2d32a238a3e4981a4adf9a628a8a3a1f9d"},
    {file = "lizard-1.17.3.tar.gz", hash = "sha256:21994effc04979e80973ae603f02ada19405a773e3aa55795fa952fbb6c0e894"},
]

[metadata]
lock-version = "2.0"
python-versions = "^3.11"
content-hash = "af97cbcfdabf4ef6a796bf0a6fa739f25df05f94b8bf2ff618b89087f700f726"
