# This file is automatically @generated by Poetry 1.7.1 and should not be changed by hand.

[[package]]
name = "cvss"
version = "2.3"
description = "CVSS2/3 library with interactive calculator for Python 2 and Python 3"
optional = false
python-versions = "*"
files = [
    {file = "cvss-2.3-py2.py3-none-any.whl", hash = "sha256:0b6b6b78e140f5abbaf75a48d77e970afe6da17763f568a2dca32b23e986a336"},
    {file = "cvss-2.3.tar.gz", hash = "sha256:fc22c9da2e7b93e0476cbea1279c95e7be08a3413e2d946686f0271501a24140"},
]

[metadata]
lock-version = "2.0"
python-versions = "^3.11"
content-hash = "2af356ad93cd66ac9fdbf6bf4c7a6a8134e175302a2613fa8dc5acfbb2120d41"
